
Microsoft Visual Studio Solution File, Format Version 12.00
# Visual Studio Version 17
VisualStudioVersion = 17.5.002.0
MinimumVisualStudioVersion = 10.0.40219.1
Project("{9A19103F-16F7-4668-BE54-9A1E7A4F7556}") = "molkky", "molkky.csproj", "{5A599443-51E9-487D-9B4C-8EFB69943D23}"
EndProject
Global
	GlobalSection(SolutionConfigurationPlatforms) = preSolution
		Debug|Any CPU = Debug|Any CPU
		Release|Any CPU = Release|Any CPU
	EndGlobalSection
	GlobalSection(ProjectConfigurationPlatforms) = postSolution
		{5A599443-51E9-487D-9B4C-8EFB69943D23}.Debug|Any CPU.ActiveCfg = Debug|Any CPU
		{5A599443-51E9-487D-9B4C-8EFB69943D23}.Debug|Any CPU.Build.0 = Debug|Any CPU
		{5A599443-51E9-487D-9B4C-8EFB69943D23}.Release|Any CPU.ActiveCfg = Release|Any CPU
		{5A599443-51E9-487D-9B4C-8EFB69943D23}.Release|Any CPU.Build.0 = Release|Any CPU
	EndGlobalSection
	GlobalSection(SolutionProperties) = preSolution
		HideSolutionNode = FALSE
	EndGlobalSection
	GlobalSection(ExtensibilityGlobals) = postSolution
		SolutionGuid = {63293642-DDC8-49EC-BD81-F98E092C9C62}
	EndGlobalSection
EndGlobal
